
Microsoft Visual Studio Solution File, Format Version 12.00
Project("{2150E333-8FDC-42A3-9474-1A3956D46DE8}") = "src", "src", "{827E0CD3-B72D-47B6-A68D-7590B98EB39B}"
EndProject
Project("{2150E333-8FDC-42A3-9474-1A3956D46DE8}") = "Server", "Server", "{E6B48023-E680-40DA-9E17-319585C26937}"
EndProject
Project("{FAE04EC0-301F-11D3-BF4B-00C04F79EFBC}") = "PxOperations.Api", "src\Server\PxOperations.Api\PxOperations.Api.csproj", "{50064FB8-04F9-4BFE-8CA8-9C52802CEAA9}"
EndProject
Project("{FAE04EC0-301F-11D3-BF4B-00C04F79EFBC}") = "PxOperations.Application", "src\Server\PxOperations.Application\PxOperations.Application.csproj", "{40E6CEFE-D729-4FF9-92A0-58447310E578}"
EndProject
Project("{FAE04EC0-301F-11D3-BF4B-00C04F79EFBC}") = "PxOperations.Domain", "src\Server\PxOperations.Domain\PxOperations.Domain.csproj", "{0F181FA4-1FCD-4EBE-BE6A-5174471EDE3F}"
EndProject
Project("{FAE04EC0-301F-11D3-BF4B-00C04F79EFBC}") = "PxOperations.Infrastructure", "src\Server\PxOperations.Infrastructure\PxOperations.Infrastructure.csproj", "{6D60B024-0380-49CD-B129-AA659AC37789}"
EndProject
Project("{2150E333-8FDC-42A3-9474-1A3956D46DE8}") = "Client", "Client", "{C5A3B5EA-BE9F-76E5-E9B8-8A22B289B295}"
EndProject
Project("{FAE04EC0-301F-11D3-BF4B-00C04F79EFBC}") = "PxOperations.BlazorWasm", "src\Client\PxOperations.BlazorWasm\PxOperations.BlazorWasm.csproj", "{51015D8D-F574-470B-8AE5-97ADB2A94AF7}"
EndProject
Project("{2150E333-8FDC-42A3-9474-1A3956D46DE8}") = "tests", "tests", "{0AB3BF05-4346-4AA6-1389-037BE0695223}"
EndProject
Project("{2150E333-8FDC-42A3-9474-1A3956D46DE8}") = "Server", "Server", "{87008D2B-D29E-68B5-A223-E2B1CD68373E}"
EndProject
Project("{FAE04EC0-301F-11D3-BF4B-00C04F79EFBC}") = "PxOperations.ArchitectureTests", "tests\Server\PxOperations.ArchitectureTests\PxOperations.ArchitectureTests.csproj", "{2A94CB36-3E77-47FC-8D44-4B7276F39ED1}"
EndProject
Project("{FAE04EC0-301F-11D3-BF4B-00C04F79EFBC}") = "PxOperations.Domain.UnitTests", "tests\Server\PxOperations.Domain.UnitTests\PxOperations.Domain.UnitTests.csproj", "{C2E66E9C-5CE5-4321-807D-8BC8DB182B41}"
EndProject
Project("{FAE04EC0-301F-11D3-BF4B-00C04F79EFBC}") = "PxOperations.Api.IntegrationTests", "tests\Server\PxOperations.Api.IntegrationTests\PxOperations.Api.IntegrationTests.csproj", "{372CCCBF-697D-4A05-9658-690FC0F8AEF7}"
EndProject
Project("{2150E333-8FDC-42A3-9474-1A3956D46DE8}") = "Client", "Client", "{7666E21D-583E-E4FE-A88E-7F4FC790134B}"
EndProject
Project("{FAE04EC0-301F-11D3-BF4B-00C04F79EFBC}") = "PxOperations.BlazorWasm.Tests", "tests\Client\PxOperations.BlazorWasm.Tests\PxOperations.BlazorWasm.Tests.csproj", "{E535D91B-50BF-472F-905B-5F7DB679F94E}"
EndProject
Global
	GlobalSection(SolutionConfigurationPlatforms) = preSolution
		Debug|Any CPU = Debug|Any CPU
		Debug|x64 = Debug|x64
		Debug|x86 = Debug|x86
		Release|Any CPU = Release|Any CPU
		Release|x64 = Release|x64
		Release|x86 = Release|x86
	EndGlobalSection
	GlobalSection(ProjectConfigurationPlatforms) = postSolution
		{50064FB8-04F9-4BFE-8CA8-9C52802CEAA9}.Debug|Any CPU.ActiveCfg = Debug|Any CPU
		{50064FB8-04F9-4BFE-8CA8-9C52802CEAA9}.Debug|Any CPU.Build.0 = Debug|Any CPU
		{50064FB8-04F9-4BFE-8CA8-9C52802CEAA9}.Debug|x64.ActiveCfg = Debug|Any CPU
		{50064FB8-04F9-4BFE-8CA8-9C52802CEAA9}.Debug|x64.Build.0 = Debug|Any CPU
		{50064FB8-04F9-4BFE-8CA8-9C52802CEAA9}.Debug|x86.ActiveCfg = Debug|Any CPU
		{50064FB8-04F9-4BFE-8CA8-9C52802CEAA9}.Debug|x86.Build.0 = Debug|Any CPU
		{50064FB8-04F9-4BFE-8CA8-9C52802CEAA9}.Release|Any CPU.ActiveCfg = Release|Any CPU
		{50064FB8-04F9-4BFE-8CA8-9C52802CEAA9}.Release|Any CPU.Build.0 = Release|Any CPU
		{50064FB8-04F9-4BFE-8CA8-9C52802CEAA9}.Release|x64.ActiveCfg = Release|Any CPU
		{50064FB8-04F9-4BFE-8CA8-9C52802CEAA9}.Release|x64.Build.0 = Release|Any CPU
		{50064FB8-04F9-4BFE-8CA8-9C52802CEAA9}.Release|x86.ActiveCfg = Release|Any CPU
		{50064FB8-04F9-4BFE-8CA8-9C52802CEAA9}.Release|x86.Build.0 = Release|Any CPU
		{40E6CEFE-D729-4FF9-92A0-58447310E578}.Debug|Any CPU.ActiveCfg = Debug|Any CPU
		{40E6CEFE-D729-4FF9-92A0-58447310E578}.Debug|Any CPU.Build.0 = Debug|Any CPU
		{40E6CEFE-D729-4FF9-92A0-58447310E578}.Debug|x64.ActiveCfg = Debug|Any CPU
		{40E6CEFE-D729-4FF9-92A0-58447310E578}.Debug|x64.Build.0 = Debug|Any CPU
		{40E6CEFE-D729-4FF9-92A0-58447310E578}.Debug|x86.ActiveCfg = Debug|Any CPU
		{40E6CEFE-D729-4FF9-92A0-58447310E578}.Debug|x86.Build.0 = Debug|Any CPU
		{40E6CEFE-D729-4FF9-92A0-58447310E578}.Release|Any CPU.ActiveCfg = Release|Any CPU
		{40E6CEFE-D729-4FF9-92A0-58447310E578}.Release|Any CPU.Build.0 = Release|Any CPU
		{40E6CEFE-D729-4FF9-92A0-58447310E578}.Release|x64.ActiveCfg = Release|Any CPU
		{40E6CEFE-D729-4FF9-92A0-58447310E578}.Release|x64.Build.0 = Release|Any CPU
		{40E6CEFE-D729-4FF9-92A0-58447310E578}.Release|x86.ActiveCfg = Release|Any CPU
		{40E6CEFE-D729-4FF9-92A0-58447310E578}.Release|x86.Build.0 = Release|Any CPU
		{0F181FA4-1FCD-4EBE-BE6A-5174471EDE3F}.Debug|Any CPU.ActiveCfg = Debug|Any CPU
		{0F181FA4-1FCD-4EBE-BE6A-5174471EDE3F}.Debug|Any CPU.Build.0 = Debug|Any CPU
		{0F181FA4-1FCD-4EBE-BE6A-5174471EDE3F}.Debug|x64.ActiveCfg = Debug|Any CPU
		{0F181FA4-1FCD-4EBE-BE6A-5174471EDE3F}.Debug|x64.Build.0 = Debug|Any CPU
		{0F181FA4-1FCD-4EBE-BE6A-5174471EDE3F}.Debug|x86.ActiveCfg = Debug|Any CPU
		{0F181FA4-1FCD-4EBE-BE6A-5174471EDE3F}.Debug|x86.Build.0 = Debug|Any CPU
		{0F181FA4-1FCD-4EBE-BE6A-5174471EDE3F}.Release|Any CPU.ActiveCfg = Release|Any CPU
		{0F181FA4-1FCD-4EBE-BE6A-5174471EDE3F}.Release|Any CPU.Build.0 = Release|Any CPU
		{0F181FA4-1FCD-4EBE-BE6A-5174471EDE3F}.Release|x64.ActiveCfg = Release|Any CPU
		{0F181FA4-1FCD-4EBE-BE6A-5174471EDE3F}.Release|x64.Build.0 = Release|Any CPU
		{0F181FA4-1FCD-4EBE-BE6A-5174471EDE3F}.Release|x86.ActiveCfg = Release|Any CPU
		{0F181FA4-1FCD-4EBE-BE6A-5174471EDE3F}.Release|x86.Build.0 = Release|Any CPU
		{6D60B024-0380-49CD-B129-AA659AC37789}.Debug|Any CPU.ActiveCfg = Debug|Any CPU
		{6D60B024-0380-49CD-B129-AA659AC37789}.Debug|Any CPU.Build.0 = Debug|Any CPU
		{6D60B024-0380-49CD-B129-AA659AC37789}.Debug|x64.ActiveCfg = Debug|Any CPU
		{6D60B024-0380-49CD-B129-AA659AC37789}.Debug|x64.Build.0 = Debug|Any CPU
		{6D60B024-0380-49CD-B129-AA659AC37789}.Debug|x86.ActiveCfg = Debug|Any CPU
		{6D60B024-0380-49CD-B129-AA659AC37789}.Debug|x86.Build.0 = Debug|Any CPU
		{6D60B024-0380-49CD-B129-AA659AC37789}.Release|Any CPU.ActiveCfg = Release|Any CPU
		{6D60B024-0380-49CD-B129-AA659AC37789}.Release|Any CPU.Build.0 = Release|Any CPU
		{6D60B024-0380-49CD-B129-AA659AC37789}.Release|x64.ActiveCfg = Release|Any CPU
		{6D60B024-0380-49CD-B129-AA659AC37789}.Release|x64.Build.0 = Release|Any CPU
		{6D60B024-0380-49CD-B129-AA659AC37789}.Release|x86.ActiveCfg = Release|Any CPU
		{6D60B024-0380-49CD-B129-AA659AC37789}.Release|x86.Build.0 = Release|Any CPU
		{51015D8D-F574-470B-8AE5-97ADB2A94AF7}.Debug|Any CPU.ActiveCfg = Debug|Any CPU
		{51015D8D-F574-470B-8AE5-97ADB2A94AF7}.Debug|Any CPU.Build.0 = Debug|Any CPU
		{51015D8D-F574-470B-8AE5-97ADB2A94AF7}.Debug|x64.ActiveCfg = Debug|Any CPU
		{51015D8D-F574-470B-8AE5-97ADB2A94AF7}.Debug|x64.Build.0 = Debug|Any CPU
		{51015D8D-F574-470B-8AE5-97ADB2A94AF7}.Debug|x86.ActiveCfg = Debug|Any CPU
		{51015D8D-F574-470B-8AE5-97ADB2A94AF7}.Debug|x86.Build.0 = Debug|Any CPU
		{51015D8D-F574-470B-8AE5-97ADB2A94AF7}.Release|Any CPU.ActiveCfg = Release|Any CPU
		{51015D8D-F574-470B-8AE5-97ADB2A94AF7}.Release|Any CPU.Build.0 = Release|Any CPU
		{51015D8D-F574-470B-8AE5-97ADB2A94AF7}.Release|x64.ActiveCfg = Release|Any CPU
		{51015D8D-F574-470B-8AE5-97ADB2A94AF7}.Release|x64.Build.0 = Release|Any CPU
		{51015D8D-F574-470B-8AE5-97ADB2A94AF7}.Release|x86.ActiveCfg = Release|Any CPU
		{51015D8D-F574-470B-8AE5-97ADB2A94AF7}.Release|x86.Build.0 = Release|Any CPU
		{2A94CB36-3E77-47FC-8D44-4B7276F39ED1}.Debug|Any CPU.ActiveCfg = Debug|Any CPU
		{2A94CB36-3E77-47FC-8D44-4B7276F39ED1}.Debug|Any CPU.Build.0 = Debug|Any CPU
		{2A94CB36-3E77-47FC-8D44-4B7276F39ED1}.Debug|x64.ActiveCfg = Debug|Any CPU
		{2A94CB36-3E77-47FC-8D44-4B7276F39ED1}.Debug|x64.Build.0 = Debug|Any CPU
		{2A94CB36-3E77-47FC-8D44-4B7276F39ED1}.Debug|x86.ActiveCfg = Debug|Any CPU
		{2A94CB36-3E77-47FC-8D44-4B7276F39ED1}.Debug|x86.Build.0 = Debug|Any CPU
		{2A94CB36-3E77-47FC-8D44-4B7276F39ED1}.Release|Any CPU.ActiveCfg = Release|Any CPU
		{2A94CB36-3E77-47FC-8D44-4B7276F39ED1}.Release|Any CPU.Build.0 = Release|Any CPU
		{2A94CB36-3E77-47FC-8D44-4B7276F39ED1}.Release|x64.ActiveCfg = Release|Any CPU
		{2A94CB36-3E77-47FC-8D44-4B7276F39ED1}.Release|x64.Build.0 = Release|Any CPU
		{2A94CB36-3E77-47FC-8D44-4B7276F39ED1}.Release|x86.ActiveCfg = Release|Any CPU
		{2A94CB36-3E77-47FC-8D44-4B7276F39ED1}.Release|x86.Build.0 = Release|Any CPU
		{C2E66E9C-5CE5-4321-807D-8BC8DB182B41}.Debug|Any CPU.ActiveCfg = Debug|Any CPU
		{C2E66E9C-5CE5-4321-807D-8BC8DB182B41}.Debug|Any CPU.Build.0 = Debug|Any CPU
		{C2E66E9C-5CE5-4321-807D-8BC8DB182B41}.Debug|x64.ActiveCfg = Debug|Any CPU
		{C2E66E9C-5CE5-4321-807D-8BC8DB182B41}.Debug|x64.Build.0 = Debug|Any CPU
		{C2E66E9C-5CE5-4321-807D-8BC8DB182B41}.Debug|x86.ActiveCfg = Debug|Any CPU
		{C2E66E9C-5CE5-4321-807D-8BC8DB182B41}.Debug|x86.Build.0 = Debug|Any CPU
		{C2E66E9C-5CE5-4321-807D-8BC8DB182B41}.Release|Any CPU.ActiveCfg = Release|Any CPU
		{C2E66E9C-5CE5-4321-807D-8BC8DB182B41}.Release|Any CPU.Build.0 = Release|Any CPU
		{C2E66E9C-5CE5-4321-807D-8BC8DB182B41}.Release|x64.ActiveCfg = Release|Any CPU
		{C2E66E9C-5CE5-4321-807D-8BC8DB182B41}.Release|x64.Build.0 = Release|Any CPU
		{C2E66E9C-5CE5-4321-807D-8BC8DB182B41}.Release|x86.ActiveCfg = Release|Any CPU
		{C2E66E9C-5CE5-4321-807D-8BC8DB182B41}.Release|x86.Build.0 = Release|Any CPU
		{372CCCBF-697D-4A05-9658-690FC0F8AEF7}.Debug|Any CPU.ActiveCfg = Debug|Any CPU
		{372CCCBF-697D-4A05-9658-690FC0F8AEF7}.Debug|Any CPU.Build.0 = Debug|Any CPU
		{372CCCBF-697D-4A05-9658-690FC0F8AEF7}.Debug|x64.ActiveCfg = Debug|Any CPU
		{372CCCBF-697D-4A05-9658-690FC0F8AEF7}.Debug|x64.Build.0 = Debug|Any CPU
		{372CCCBF-697D-4A05-9658-690FC0F8AEF7}.Debug|x86.ActiveCfg = Debug|Any CPU
		{372CCCBF-697D-4A05-9658-690FC0F8AEF7}.Debug|x86.Build.0 = Debug|Any CPU
		{372CCCBF-697D-4A05-9658-690FC0F8AEF7}.Release|Any CPU.ActiveCfg = Release|Any CPU
		{372CCCBF-697D-4A05-9658-690FC0F8AEF7}.Release|Any CPU.Build.0 = Release|Any CPU
		{372CCCBF-697D-4A05-9658-690FC0F8AEF7}.Release|x64.ActiveCfg = Release|Any CPU
		{372CCCBF-697D-4A05-9658-690FC0F8AEF7}.Release|x64.Build.0 = Release|Any CPU
		{372CCCBF-697D-4A05-9658-690FC0F8AEF7}.Release|x86.ActiveCfg = Release|Any CPU
		{372CCCBF-697D-4A05-9658-690FC0F8AEF7}.Release|x86.Build.0 = Release|Any CPU
		{E535D91B-50BF-472F-905B-5F7DB679F94E}.Debug|Any CPU.ActiveCfg = Debug|Any CPU
		{E535D91B-50BF-472F-905B-5F7DB679F94E}.Debug|Any CPU.Build.0 = Debug|Any CPU
		{E535D91B-50BF-472F-905B-5F7DB679F94E}.Debug|x64.ActiveCfg = Debug|Any CPU
		{E535D91B-50BF-472F-905B-5F7DB679F94E}.Debug|x64.Build.0 = Debug|Any CPU
		{E535D91B-50BF-472F-905B-5F7DB679F94E}.Debug|x86.ActiveCfg = Debug|Any CPU
		{E535D91B-50BF-472F-905B-5F7DB679F94E}.Debug|x86.Build.0 = Debug|Any CPU
		{E535D91B-50BF-472F-905B-5F7DB679F94E}.Release|Any CPU.ActiveCfg = Release|Any CPU
		{E535D91B-50BF-472F-905B-5F7DB679F94E}.Release|Any CPU.Build.0 = Release|Any CPU
		{E535D91B-50BF-472F-905B-5F7DB679F94E}.Release|x64.ActiveCfg = Release|Any CPU
		{E535D91B-50BF-472F-905B-5F7DB679F94E}.Release|x64.Build.0 = Release|Any CPU
		{E535D91B-50BF-472F-905B-5F7DB679F94E}.Release|x86.ActiveCfg = Release|Any CPU
		{E535D91B-50BF-472F-905B-5F7DB679F94E}.Release|x86.Build.0 = Release|Any CPU
	EndGlobalSection
	GlobalSection(SolutionProperties) = preSolution
		HideSolutionNode = FALSE
	EndGlobalSection
	GlobalSection(NestedProjects) = preSolution
		{E6B48023-E680-40DA-9E17-319585C26937} = {827E0CD3-B72D-47B6-A68D-7590B98EB39B}
		{50064FB8-04F9-4BFE-8CA8-9C52802CEAA9} = {E6B48023-E680-40DA-9E17-319585C26937}
		{40E6CEFE-D729-4FF9-92A0-58447310E578} = {E6B48023-E680-40DA-9E17-319585C26937}
		{0F181FA4-1FCD-4EBE-BE6A-5174471EDE3F} = {E6B48023-E680-40DA-9E17-319585C26937}
		{6D60B024-0380-49CD-B129-AA659AC37789} = {E6B48023-E680-40DA-9E17-319585C26937}
		{C5A3B5EA-BE9F-76E5-E9B8-8A22B289B295} = {827E0CD3-B72D-47B6-A68D-7590B98EB39B}
		{51015D8D-F574-470B-8AE5-97ADB2A94AF7} = {C5A3B5EA-BE9F-76E5-E9B8-8A22B289B295}
		{87008D2B-D29E-68B5-A223-E2B1CD68373E} = {0AB3BF05-4346-4AA6-1389-037BE0695223}
		{2A94CB36-3E77-47FC-8D44-4B7276F39ED1} = {87008D2B-D29E-68B5-A223-E2B1CD68373E}
		{C2E66E9C-5CE5-4321-807D-8BC8DB182B41} = {87008D2B-D29E-68B5-A223-E2B1CD68373E}
		{372CCCBF-697D-4A05-9658-690FC0F8AEF7} = {87008D2B-D29E-68B5-A223-E2B1CD68373E}
		{7666E21D-583E-E4FE-A88E-7F4FC790134B} = {0AB3BF05-4346-4AA6-1389-037BE0695223}
		{E535D91B-50BF-472F-905B-5F7DB679F94E} = {7666E21D-583E-E4FE-A88E-7F4FC790134B}
	EndGlobalSection
EndGlobal
